
Microsoft Visual Studio Solution File, Format Version 12.00
# Visual Studio 15
VisualStudioVersion = 15.0.27004.2002
MinimumVisualStudioVersion = 10.0.40219.1
Project("{A0786B88-2ADB-4C21-ABE8-AA2D79766269}") = "calculator", "..\..\..\..\..\Users\Liam\source\repos\calculator\calculator\calculator.phpproj", "{4537E8DA-018C-42BC-917D-22D6A69F49BD}"
EndProject
Global
	GlobalSection(SolutionConfigurationPlatforms) = preSolution
		Debug|Any CPU = Debug|Any CPU
		Release|Any CPU = Release|Any CPU
	EndGlobalSection
	GlobalSection(ProjectConfigurationPlatforms) = postSolution
		{4537E8DA-018C-42BC-917D-22D6A69F49BD}.Debug|Any CPU.ActiveCfg = Debug|Any CPU
		{4537E8DA-018C-42BC-917D-22D6A69F49BD}.Release|Any CPU.ActiveCfg = Release|Any CPU
	EndGlobalSection
	GlobalSection(SolutionProperties) = preSolution
		HideSolutionNode = FALSE
	EndGlobalSection
	GlobalSection(ExtensibilityGlobals) = postSolution
		SolutionGuid = {9E77F7D6-7DD8-44C9-9EF2-3F14C5C0F4D1}
	EndGlobalSection
EndGlobal
